---
lockfileVersion: '9.0'

importers:

  .:
    configDependencies: {}
    packageManagerDependencies:
      pnpm:
        specifier: 12.4.0
        version: 12.4.0

packages:

  '@pnpm/exe.android-arm64@12.4.0':
    resolution: {integrity: sha512-sAwslzCw74OpqK2P9l39cgdrRWHSqf5wEjB58JEzeVX6wdLvaHyg9i/GeRK5Ou6PZNA3AkD4yLO3c/y7UqOf8w==}
    cpu: [arm64]
    os: [android]

  '@pnpm/exe.android-x64@12.4.0':
    resolution: {integrity: sha512-Ps3Gz0OrqYjuRfhzeNqcvIow6QmNrU3BSzMxJu5rUCSl7inVUUFX2gZbNL9naQsNLoorKCdxUf4N+WI9Mr1WBg==}
    cpu: [x64]
    os: [android]

  '@pnpm/exe.darwin-arm64@12.4.0':
    resolution: {integrity: sha512-75EYiF8GuiTsnvP4cbZsviMBjohXUYtg2zjD4gdfhqxlU1y9Nj+KdEsbH4jfgB/FgyJSYPB2rqfmvvgLnRlVug==}
    cpu: [arm64]
    os: [darwin]

  '@pnpm/exe.darwin-x64@12.4.0':
    resolution: {integrity: sha512-b74TzBg8lxl0lqZImGOXpRbAGcqVKX+UMckl3wG+KH52yYHI86VBJP86HbJX30HJ/EFeC6Tgbz2E4b5hhKRvdA==}
    cpu: [x64]
    os: [darwin]

  '@pnpm/exe.freebsd-x64@12.4.0':
    resolution: {integrity: sha512-A45d6axdQIFNyNTYZAC64wh5+6LJ6dNKhNAoNMNi/EC5y9CRfv0GL3ZYDBqpkmsN9KMAkVsFWizq/Ng6xtjnhw==}
    cpu: [x64]
    os: [freebsd]

  '@pnpm/exe.linux-arm64-musl@12.4.0':
    resolution: {integrity: sha512-yS6DNel7twfEUoW1yka1hpQrnhRe/s1JZ1MThVfgrmNQrNaPyHxQvAihm/GtL2CM6OeMV6z5532H/W/yDjQp5g==}
    cpu: [arm64]
    os: [linux]
    libc: [musl]

  '@pnpm/exe.linux-arm64@12.4.0':
    resolution: {integrity: sha512-6npQUwq3D/WXbTgR4evApEKQ9ITznZ6Iz/dptcjBzA7+wSLTaYkK98Od2wsHCoPmEFb9tGtM+cvG82+wy0o9uA==}
    cpu: [arm64]
    os: [linux]
    libc: [glibc]

  '@pnpm/exe.linux-ppc64@12.4.0':
    resolution: {integrity: sha512-7shJ4WytyvBEdjrbIDqx2gDAH7sr0HBDooTmnNQ7DlzcLeeGi7Yqir7gJjOTm6s9S1cVnT56IwmqnnwQMP1HTQ==}
    cpu: [ppc64]
    os: [linux]
    libc: [glibc]

  '@pnpm/exe.linux-riscv64@12.4.0':
    resolution: {integrity: sha512-q03EGUFoe/oOU/67E3sEAePr3qjFu8xrsX+WOXTodcFXfO5FondC6TPs7BSwhTiV27j3jeDP56qhJP05pXn+vw==}
    cpu: [riscv64]
    os: [linux]
    libc: [glibc]

  '@pnpm/exe.linux-s390x@12.4.0':
    resolution: {integrity: sha512-GZ5YellCtNnaLe9zVj9l3avlw9CbSzExUFDh7v+tVbLfOOfkkRLpx2lsw1ytJ/nFWvxF2TO6M6Q9JDT7q8svRg==}
    cpu: [s390x]
    os: [linux]
    libc: [glibc]

  '@pnpm/exe.linux-x64-musl@12.4.0':
    resolution: {integrity: sha512-c8YyjVL39L48tRg9i3iw3d90fN6q84UjxlgWBhplcBOpzCgmglDVkPMtEAVDC+t9iobvYzs2hJnmTqLaA87MVA==}
    cpu: [x64]
    os: [linux]
    libc: [musl]

  '@pnpm/exe.linux-x64@12.4.0':
    resolution: {integrity: sha512-SQVgRkcR4Xyqf8+VNbtY0rtcEnfDq48RhH30HWo2/UfqKEfle2rOMyGZOmN1DbMw4ZzG5mWYoC81O7ZqHFZcPw==}
    cpu: [x64]
    os: [linux]
    libc: [glibc]

  '@pnpm/exe.win32-arm64@12.4.0':
    resolution: {integrity: sha512-ZamXPhx0X6APZJAIkcH+K9KAsKcTYwxEgOyTQ/NXE+2UHBT9bRnSQ91sBeY6ELNd58V5cmMAkXSW5xmU+2ry+w==}
    cpu: [arm64]
    os: [win32]

  '@pnpm/exe.win32-x64@12.4.0':
    resolution: {integrity: sha512-b8bLaprnpYi/2zN0M3H9RDAHuxCP3fmV5agPPwdp9fIdjNSUkV7V/RC3L4oWwbZvVgYEjjFLx1RuJOdltoKP6g==}
    cpu: [x64]
    os: [win32]

  pnpm@12.4.0:
    resolution: {integrity: sha512-N1NsJu1Aq0E0tlEeCfayfz67RWh0aPJAbKOAUnmk5coVjBkxNQrZd01qshCNcbPbrrOZQxWSlDdeTQU+jgVoXA==}
    engines: {node: '>=18.*'}
    hasBin: true

snapshots:

  '@pnpm/exe.android-arm64@12.4.0':
    optional: true

  '@pnpm/exe.android-x64@12.4.0':
    optional: true

  '@pnpm/exe.darwin-arm64@12.4.0':
    optional: true

  '@pnpm/exe.darwin-x64@12.4.0':
    optional: true

  '@pnpm/exe.freebsd-x64@12.4.0':
    optional: true

  '@pnpm/exe.linux-arm64-musl@12.4.0':
    optional: true

  '@pnpm/exe.linux-arm64@12.4.0':
    optional: true

  '@pnpm/exe.linux-ppc64@12.4.0':
    optional: true

  '@pnpm/exe.linux-riscv64@12.4.0':
    optional: true

  '@pnpm/exe.linux-s390x@12.4.0':
    optional: true

  '@pnpm/exe.linux-x64-musl@12.4.0':
    optional: true

  '@pnpm/exe.linux-x64@12.4.0':
    optional: true

  '@pnpm/exe.win32-arm64@12.4.0':
    optional: true

  '@pnpm/exe.win32-x64@12.4.0':
    optional: true

  pnpm@12.4.0:
    optionalDependencies:
      '@pnpm/exe.android-arm64': 12.4.0
      '@pnpm/exe.android-x64': 12.4.0
      '@pnpm/exe.darwin-arm64': 12.4.0
      '@pnpm/exe.darwin-x64': 12.4.0
      '@pnpm/exe.freebsd-x64': 12.4.0
      '@pnpm/exe.linux-arm64': 12.4.0
      '@pnpm/exe.linux-arm64-musl': 12.4.0
      '@pnpm/exe.linux-ppc64': 12.4.0
      '@pnpm/exe.linux-riscv64': 12.4.0
      '@pnpm/exe.linux-s390x': 12.4.0
      '@pnpm/exe.linux-x64': 12.4.0
      '@pnpm/exe.linux-x64-musl': 12.4.0
      '@pnpm/exe.win32-arm64': 12.4.0
      '@pnpm/exe.win32-x64': 12.4.0

---
lockfileVersion: '9.0'

settings:
  autoInstallPeers: true
  excludeLinksFromLockfile: false

importers:

  .:
    dependencies:
      '@types/node':
        specifier: ^25.0.9
        version: 25.9.5
    devDependencies:
      '@playwright/test':
        specifier: 1.63.0
        version: 1.63.0
      dotenv:
        specifier: 17.4.2
        version: 17.4.2
      typescript:
        specifier: 5.9.3
        version: 5.9.3

packages:

  '@playwright/test@1.63.0':
    resolution: {integrity: sha512-oxMK4vllB9RK5NQ2l1pq1IfOf2AvnEuj/vYGDj0H2nMtmtZpKtCwt/l00GEO6xjGfpBNAvjovvYdCm50dRQkpQ==}
    engines: {node: '>=20'}
    hasBin: true

  '@types/node@25.9.5':
    resolution: {integrity: sha512-OScDchr2fwuUmWdf4kZ9h7PcJiYDVInhJizG/biAq3cAvqwYktuy/TYGGdZNMtNTFUP7rnb0NU4TUdm82kt4Rg==}

  dotenv@17.4.2:
    resolution: {integrity: sha512-nI4U3TottKAcAD9LLud4Cb7b2QztQMUEfHbvhTH09bqXTxnSie8WnjPALV/WMCrJZ6UV/qHJ6L03OqO3LcdYZw==}
    engines: {node: '>=12'}

  playwright-core@1.63.0:
    resolution: {integrity: sha512-rYCsBF/M5HjUch52bbtVONEFjv6Xu8sm8h72dNlR5bzIE1fvC/bxgspzkjSfU+MweEMmPM8KJebG6nnyxo5mCg==}
    engines: {node: '>=20'}
    hasBin: true

  playwright@1.63.0:
    resolution: {integrity: sha512-+7ziBLidS4NaNCdt57SUDT+wYmmd5fmiQejUic/kb+YsYSCPyOOE9sebzMjNmQrsnNpDJqd4WHvV/8lfKfUDUg==}
    engines: {node: '>=20'}
    hasBin: true

  typescript@5.9.3:
    resolution: {integrity: sha512-jl1vZzPDinLr9eUt3J/t7V6FgNEw9QjvBPdysz9KfQDD41fQrC2Y4vKQdiaUpFT4bXlb1RHhLpp8wtm6M5TgSw==}
    engines: {node: '>=14.17'}
    hasBin: true

  undici-types@7.24.6:
    resolution: {integrity: sha512-WRNW+sJgj5OBN4/0JpHFqtqzhpbnV0GuB+OozA9gCL7a993SmU+1JBZCzLNxYsbMfIeDL+lTsphD5jN5N+n0zg==}

snapshots:

  '@playwright/test@1.63.0':
    dependencies:
      playwright: 1.63.0

  '@types/node@25.9.5':
    dependencies:
      undici-types: 7.24.6

  dotenv@17.4.2: {}

  playwright-core@1.63.0: {}

  playwright@1.63.0:
    dependencies:
      playwright-core: 1.63.0

  typescript@5.9.3: {}

  undici-types@7.24.6: {}
